
Microsoft Visual Studio Solution File, Format Version 12.00
# Visual Studio Version 16
VisualStudioVersion = 16.0.31019.35
MinimumVisualStudioVersion = 10.0.40219.1
Project("{FAE04EC0-301F-11D3-BF4B-00C04F79EFBC}") = "MiniGamesBox", "MiniGamesBox\MiniGamesBox.csproj", "{0400A07A-7DE1-45B4-A99B-FE8067702C03}"
EndProject
Project("{FAE04EC0-301F-11D3-BF4B-00C04F79EFBC}") = "MiniGamesBox.Network", "MiniGamesBox.Network\MiniGamesBox.Network.csproj", "{FF4FBBBE-2EDB-48E9-82B1-782BA1A6C1BA}"
EndProject
Project("{FAE04EC0-301F-11D3-BF4B-00C04F79EFBC}") = "MiniGamesBox.TicTacToe", "MiniGamesBox.TicTacToe\MiniGamesBox.TicTacToe.csproj", "{E16BF61D-1F90-455E-BB46-B65A7C6C3E46}"
EndProject
Project("{FAE04EC0-301F-11D3-BF4B-00C04F79EFBC}") = "MiniGamesBox.SeaBattle", "MiniGamesBox.SeaBattle\MiniGamesBox.SeaBattle.csproj", "{26FD1E21-9519-4A2D-BE58-9BA3248FDC62}"
EndProject
Global
	GlobalSection(SolutionConfigurationPlatforms) = preSolution
		Debug|Any CPU = Debug|Any CPU
		Release|Any CPU = Release|Any CPU
	EndGlobalSection
	GlobalSection(ProjectConfigurationPlatforms) = postSolution
		{0400A07A-7DE1-45B4-A99B-FE8067702C03}.Debug|Any CPU.ActiveCfg = Debug|Any CPU
		{0400A07A-7DE1-45B4-A99B-FE8067702C03}.Debug|Any CPU.Build.0 = Debug|Any CPU
		{0400A07A-7DE1-45B4-A99B-FE8067702C03}.Release|Any CPU.ActiveCfg = Release|Any CPU
		{0400A07A-7DE1-45B4-A99B-FE8067702C03}.Release|Any CPU.Build.0 = Release|Any CPU
		{FF4FBBBE-2EDB-48E9-82B1-782BA1A6C1BA}.Debug|Any CPU.ActiveCfg = Debug|Any CPU
		{FF4FBBBE-2EDB-48E9-82B1-782BA1A6C1BA}.Debug|Any CPU.Build.0 = Debug|Any CPU
		{FF4FBBBE-2EDB-48E9-82B1-782BA1A6C1BA}.Release|Any CPU.ActiveCfg = Release|Any CPU
		{FF4FBBBE-2EDB-48E9-82B1-782BA1A6C1BA}.Release|Any CPU.Build.0 = Release|Any CPU
		{E16BF61D-1F90-455E-BB46-B65A7C6C3E46}.Debug|Any CPU.ActiveCfg = Debug|Any CPU
		{E16BF61D-1F90-455E-BB46-B65A7C6C3E46}.Debug|Any CPU.Build.0 = Debug|Any CPU
		{E16BF61D-1F90-455E-BB46-B65A7C6C3E46}.Release|Any CPU.ActiveCfg = Release|Any CPU
		{E16BF61D-1F90-455E-BB46-B65A7C6C3E46}.Release|Any CPU.Build.0 = Release|Any CPU
		{26FD1E21-9519-4A2D-BE58-9BA3248FDC62}.Debug|Any CPU.ActiveCfg = Debug|Any CPU
		{26FD1E21-9519-4A2D-BE58-9BA3248FDC62}.Debug|Any CPU.Build.0 = Debug|Any CPU
		{26FD1E21-9519-4A2D-BE58-9BA3248FDC62}.Release|Any CPU.ActiveCfg = Release|Any CPU
		{26FD1E21-9519-4A2D-BE58-9BA3248FDC62}.Release|Any CPU.Build.0 = Release|Any CPU
	EndGlobalSection
	GlobalSection(SolutionProperties) = preSolution
		HideSolutionNode = FALSE
	EndGlobalSection
	GlobalSection(ExtensibilityGlobals) = postSolution
		SolutionGuid = {000BE606-E2C9-413F-A146-26493F5BB7BF}
	EndGlobalSection
EndGlobal
